schema: '2.0'
stages:
  data_collection:
    cmd: python src/data/data_collection.py
    deps:
    - path: WA_Fn-UseC_-Telco-Customer-Churn.csv
      hash: md5
      md5: 0f9de68e012bd3aed5fa7cdc9fc421af
      size: 977501
    - path: src/data/data_collection.py
      hash: md5
      md5: 8c4c67f96309cc730856aad7726dcb4a
      size: 1787
    outs:
    - path: data/raw
      hash: md5
      md5: 7538387acfe177cc5030bf1cedd32529.dir
      size: 971911
      nfiles: 1
  data_prep:
    cmd: python src/data/data_prep.py
    deps:
    - path: data/raw/cleaned_telco_churn.csv
      hash: md5
      md5: 216b77d4e2386d955a39cfb7f242fed2
      size: 971911
    - path: src/data/data_prep.py
      hash: md5
      md5: 662f1caf224c9e8a9104fd0e8975faad
      size: 2922
    outs:
    - path: data/interim
      hash: md5
      md5: 0fd25717dfde9c7b532cd4d5001ca3b6.dir
      size: 1175536
      nfiles: 2
  data_split:
    cmd: python src/data/data_split.py
    deps:
    - path: data/interim
      hash: md5
      md5: 0fd25717dfde9c7b532cd4d5001ca3b6.dir
      size: 1175536
      nfiles: 2
    - path: src/data/data_split.py
      hash: md5
      md5: 1f6a3052dbaa1a4660b957e2576cdc28
      size: 2412
    outs:
    - path: data/processed
      hash: md5
      md5: d9db842b8457d57cf537781acbbfb1a7.dir
      size: 1176210
      nfiles: 2
  model_building:
    cmd: python src/model/model_building.py
    deps:
    - path: ./data/processed
      hash: md5
      md5: d9db842b8457d57cf537781acbbfb1a7.dir
      size: 1176210
      nfiles: 2
    - path: src/model/model_building.py
      hash: md5
      md5: 161dcd321530ffe2f6267b390503d5fc
      size: 5740
    params:
      params.yaml:
        train:
          test_size: 0.2
          random_state: 42
          smote_random_state: 42
          penalties:
          - l1
          - l2
          - elasticnet
          l1_ratio: 0.5
    outs:
    - path: reports
      hash: md5
      md5: c10aca26d964dc6a7d2063121dbc3d1b.dir
      size: 73920
      nfiles: 6
  model_eval:
    cmd: python src/model/model_eval.py
    deps:
    - path: ./data/processed
      hash: md5
      md5: 23191a60034d5ca363ed60165f982090.dir
      size: 1176210
      nfiles: 2
    - path: src/model/model_eval.py
      hash: md5
      md5: 951b5a60902a126c8b1aa79658b6fcb1
      size: 5355
  model_eval_reg:
    cmd: python src/model/model_eval_reg.py
    deps:
    - path: ./data/processed
      hash: md5
      md5: d9db842b8457d57cf537781acbbfb1a7.dir
      size: 1176210
      nfiles: 2
    - path: src/model
      hash: md5
      md5: 290851bdfe559e3cca8b52630414d933.dir
      size: 14286
      nfiles: 4
